// !$*UTF8*$!
{
	archiveVersion = 1;
	classes = {
	};
	objectVersion = 50;
	objects = {

/* Begin PBXBuildFile section */
		02036E9C215EB81A004029BC /* AppDelegate.swift in Sources */ = {isa = PBXBuildFile; fileRef = 02036E9B215EB81A004029BC /* AppDelegate.swift */; };
		02036E9E215EB81A004029BC /* ViewController.swift in Sources */ = {isa = PBXBuildFile; fileRef = 02036E9D215EB81A004029BC /* ViewController.swift */; };
		02036EA1215EB81A004029BC /* Main.storyboard in Resources */ = {isa = PBXBuildFile; fileRef = 02036E9F215EB81A004029BC /* Main.storyboard */; };
		02036EA3215EB81B004029BC /* Assets.xcassets in Resources */ = {isa = PBXBuildFile; fileRef = 02036EA2215EB81B004029BC /* Assets.xcassets */; };
		02036EA6215EB81B004029BC /* LaunchScreen.storyboard in Resources */ = {isa = PBXBuildFile; fileRef = 02036EA4215EB81B004029BC /* LaunchScreen.storyboard */; };
		02036EB4215EB9F4004029BC /* ActionViewController.swift in Sources */ = {isa = PBXBuildFile; fileRef = 02036EB3215EB9F4004029BC /* ActionViewController.swift */; };
		02036EB7215EB9F4004029BC /* MainInterface.storyboard in Resources */ = {isa = PBXBuildFile; fileRef = 02036EB5215EB9F4004029BC /* MainInterface.storyboard */; };
		02036EBB215EB9F4004029BC /* Extension.appex in Embed App Extensions */ = {isa = PBXBuildFile; fileRef = 02036EB1215EB9F4004029BC /* Extension.appex */; settings = {ATTRIBUTES = (RemoveHeadersOnCopy, ); }; };
		02036EC5215EBD71004029BC /* Action.js in Resources */ = {isa = PBXBuildFile; fileRef = 02036EC4215EBD71004029BC /* Action.js */; };
/* End PBXBuildFile section */

/* Begin PBXContainerItemProxy section */
		02036EB9215EB9F4004029BC /* PBXContainerItemProxy */ = {
			isa = PBXContainerItemProxy;
			containerPortal = 02036E90215EB819004029BC /* Project object */;
			proxyType = 1;
			remoteGlobalIDString = 02036EB0215EB9F4004029BC;
			remoteInfo = Extension;
		};
/* End PBXContainerItemProxy section */

/* Begin PBXCopyFilesBuildPhase section */
		02036EBF215EB9F4004029BC /* Embed App Extensions */ = {
			isa = PBXCopyFilesBuildPhase;
			buildActionMask = 2147483647;
			dstPath = "";
			dstSubfolderSpec = 13;
			files = (
				02036EBB215EB9F4004029BC /* Extension.appex in Embed App Extensions */,
			);
			name = "Embed App Extensions";
			runOnlyForDeploymentPostprocessing = 0;
		};
/* End PBXCopyFilesBuildPhase section */

/* Begin PBXFileReference section */
		02036E98215EB819004029BC /* Project16.app */ = {isa = PBXFileReference; explicitFileType = wrapper.application; includeInIndex = 0; path = Project16.app; sourceTree = BUILT_PRODUCTS_DIR; };
		02036E9B215EB81A004029BC /* AppDelegate.swift */ = {isa = PBXFileReference; lastKnownFileType = sourcecode.swift; path = AppDelegate.swift; sourceTree = "<group>"; };
		02036E9D215EB81A004029BC /* ViewController.swift */ = {isa = PBXFileReference; lastKnownFileType = sourcecode.swift; path = ViewController.swift; sourceTree = "<group>"; };
		02036EA0215EB81A004029BC /* Base */ = {isa = PBXFileReference; lastKnownFileType = file.storyboard; name = Base; path = Base.lproj/Main.storyboard; sourceTree = "<group>"; };
		02036EA2215EB81B004029BC /* Assets.xcassets */ = {isa = PBXFileReference; lastKnownFileType = folder.assetcatalog; path = Assets.xcassets; sourceTree = "<group>"; };
		02036EA5215EB81B004029BC /* Base */ = {isa = PBXFileReference; lastKnownFileType = file.storyboard; name = Base; path = Base.lproj/LaunchScreen.storyboard; sourceTree = "<group>"; };
		02036EA7215EB81B004029BC /* Info.plist */ = {isa = PBXFileReference; lastKnownFileType = text.plist.xml; path = Info.plist; sourceTree = "<group>"; };
		02036EB1215EB9F4004029BC /* Extension.appex */ = {isa = PBXFileReference; explicitFileType = "wrapper.app-extension"; includeInIndex = 0; path = Extension.appex; sourceTree = BUILT_PRODUCTS_DIR; };
		02036EB3215EB9F4004029BC /* ActionViewController.swift */ = {isa = PBXFileReference; lastKnownFileType = sourcecode.swift; path = ActionViewController.swift; sourceTree = "<group>"; };
		02036EB6215EB9F4004029BC /* Base */ = {isa = PBXFileReference; lastKnownFileType = file.storyboard; name = Base; path = Base.lproj/MainInterface.storyboard; sourceTree = "<group>"; };
		02036EB8215EB9F4004029BC /* Info.plist */ = {isa = PBXFileReference; lastKnownFileType = text.plist.xml; path = Info.plist; sourceTree = "<group>"; };
		02036EC4215EBD71004029BC /* Action.js */ = {isa = PBXFileReference; lastKnownFileType = sourcecode.javascript; path = Action.js; sourceTree = "<group>"; };
/* End PBXFileReference section */

/* Begin PBXFrameworksBuildPhase section */
		02036E95215EB819004029BC /* Frameworks */ = {
			isa = PBXFrameworksBuildPhase;
			buildActionMask = 2147483647;
			files = (
			);
			runOnlyForDeploymentPostprocessing = 0;
		};
		02036EAE215EB9F4004029BC /* Frameworks */ = {
			isa = PBXFrameworksBuildPhase;
			buildActionMask = 2147483647;
			files = (
			);
			runOnlyForDeploymentPostprocessing = 0;
		};
/* End PBXFrameworksBuildPhase section */

/* Begin PBXGroup section */
		02036E8F215EB819004029BC = {
			isa = PBXGroup;
			children = (
				02036E9A215EB819004029BC /* Project16 */,
				02036EB2215EB9F4004029BC /* Extension */,
				02036E99215EB819004029BC /* Products */,
			);
			sourceTree = "<group>";
		};
		02036E99215EB819004029BC /* Products */ = {
			isa = PBXGroup;
			children = (
				02036E98215EB819004029BC /* Project16.app */,
				02036EB1215EB9F4004029BC /* Extension.appex */,
			);
			name = Products;
			sourceTree = "<group>";
		};
		02036E9A215EB819004029BC /* Project16 */ = {
			isa = PBXGroup;
			children = (
				02036E9B215EB81A004029BC /* AppDelegate.swift */,
				02036E9D215EB81A004029BC /* ViewController.swift */,
				02036E9F215EB81A004029BC /* Main.storyboard */,
				02036EA2215EB81B004029BC /* Assets.xcassets */,
				02036EA4215EB81B004029BC /* LaunchScreen.storyboard */,
				02036EA7215EB81B004029BC /* Info.plist */,
			);
			path = Project16;
			sourceTree = "<group>";
		};
		02036EB2215EB9F4004029BC /* Extension */ = {
			isa = PBXGroup;
			children = (
				02036EB3215EB9F4004029BC /* ActionViewController.swift */,
				02036EB5215EB9F4004029BC /* MainInterface.storyboard */,
				02036EB8215EB9F4004029BC /* Info.plist */,
				02036EC4215EBD71004029BC /* Action.js */,
			);
			path = Extension;
			sourceTree = "<group>";
		};
/* End PBXGroup section */

/* Begin PBXNativeTarget section */
		02036E97215EB819004029BC /* Project16 */ = {
			isa = PBXNativeTarget;
			buildConfigurationList = 02036EAA215EB81B004029BC /* Build configuration list for PBXNativeTarget "Project16" */;
			buildPhases = (
				02036E94215EB819004029BC /* Sources */,
				02036E95215EB819004029BC /* Frameworks */,
				02036E96215EB819004029BC /* Resources */,
				02036EBF215EB9F4004029BC /* Embed App Extensions */,
			);
			buildRules = (
			);
			dependencies = (
				02036EBA215EB9F4004029BC /* PBXTargetDependency */,
			);
			name = Project16;
			productName = Project16;
			productReference = 02036E98215EB819004029BC /* Project16.app */;
			productType = "com.apple.product-type.application";
		};
		02036EB0215EB9F4004029BC /* Extension */ = {
			isa = PBXNativeTarget;
			buildConfigurationList = 02036EBC215EB9F4004029BC /* Build configuration list for PBXNativeTarget "Extension" */;
			buildPhases = (
				02036EAD215EB9F4004029BC /* Sources */,
				02036EAE215EB9F4004029BC /* Frameworks */,
				02036EAF215EB9F4004029BC /* Resources */,
			);
			buildRules = (
			);
			dependencies = (
			);
			name = Extension;
			productName = Extension;
			productReference = 02036EB1215EB9F4004029BC /* Extension.appex */;
			productType = "com.apple.product-type.app-extension";
		};
/* End PBXNativeTarget section */

/* Begin PBXProject section */
		02036E90215EB819004029BC /* Project object */ = {
			isa = PBXProject;
			attributes = {
				LastSwiftUpdateCheck = 1000;
				LastUpgradeCheck = 1000;
				ORGANIZATIONNAME = "Richard Young";
				TargetAttributes = {
					02036E97215EB819004029BC = {
						CreatedOnToolsVersion = 10.0;
					};
					02036EB0215EB9F4004029BC = {
						CreatedOnToolsVersion = 10.0;
					};
				};
			};
			buildConfigurationList = 02036E93215EB819004029BC /* Build configuration list for PBXProject "Project16" */;
			compatibilityVersion = "Xcode 9.3";
			developmentRegion = en;
			hasScannedForEncodings = 0;
			knownRegions = (
				en,
				Base,
			);
			mainGroup = 02036E8F215EB819004029BC;
			productRefGroup = 02036E99215EB819004029BC /* Products */;
			projectDirPath = "";
			projectRoot = "";
			targets = (
				02036E97215EB819004029BC /* Project16 */,
				02036EB0215EB9F4004029BC /* Extension */,
			);
		};
/* End PBXProject section */

/* Begin PBXResourcesBuildPhase section */
		02036E96215EB819004029BC /* Resources */ = {
			isa = PBXResourcesBuildPhase;
			buildActionMask = 2147483647;
			files = (
				02036EA6215EB81B004029BC /* LaunchScreen.storyboard in Resources */,
				02036EA3215EB81B004029BC /* Assets.xcassets in Resources */,
				02036EA1215EB81A004029BC /* Main.storyboard in Resources */,
			);
			runOnlyForDeploymentPostprocessing = 0;
		};
		02036EAF215EB9F4004029BC /* Resources */ = {
			isa = PBXResourcesBuildPhase;
			buildActionMask = 2147483647;
			files = (
				02036EC5215EBD71004029BC /* Action.js in Resources */,
				02036EB7215EB9F4004029BC /* MainInterface.storyboard in Resources */,
			);
			runOnlyForDeploymentPostprocessing = 0;
		};
/* End PBXResourcesBuildPhase section */

/* Begin PBXSourcesBuildPhase section */
		02036E94215EB819004029BC /* Sources */ = {
			isa = PBXSourcesBuildPhase;
			buildActionMask = 2147483647;
			files = (
				02036E9E215EB81A004029BC /* ViewController.swift in Sources */,
				02036E9C215EB81A004029BC /* AppDelegate.swift in Sources */,
			);
			runOnlyForDeploymentPostprocessing = 0;
		};
		02036EAD215EB9F4004029BC /* Sources */ = {
			isa = PBXSourcesBuildPhase;
			buildActionMask = 2147483647;
			files = (
				02036EB4215EB9F4004029BC /* ActionViewController.swift in Sources */,
			);
			runOnlyForDeploymentPostprocessing = 0;
		};
/* End PBXSourcesBuildPhase section */

/* Begin PBXTargetDependency section */
		02036EBA215EB9F4004029BC /* PBXTargetDependency */ = {
			isa = PBXTargetDependency;
			target = 02036EB0215EB9F4004029BC /* Extension */;
			targetProxy = 02036EB9215EB9F4004029BC /* PBXContainerItemProxy */;
		};
/* End PBXTargetDependency section */

/* Begin PBXVariantGroup section */
		02036E9F215EB81A004029BC /* Main.storyboard */ = {
			isa = PBXVariantGroup;
			children = (
				02036EA0215EB81A004029BC /* Base */,
			);
			name = Main.storyboard;
			sourceTree = "<group>";
		};
		02036EA4215EB81B004029BC /* LaunchScreen.storyboard */ = {
			isa = PBXVariantGroup;
			children = (
				02036EA5215EB81B004029BC /* Base */,
			);
			name = LaunchScreen.storyboard;
			sourceTree = "<group>";
		};
		02036EB5215EB9F4004029BC /* MainInterface.storyboard */ = {
			isa = PBXVariantGroup;
			children = (
				02036EB6215EB9F4004029BC /* Base */,
			);
			name = MainInterface.storyboard;
			sourceTree = "<group>";
		};
/* End PBXVariantGroup section */

/* Begin XCBuildConfiguration section */
		02036EA8215EB81B004029BC /* Debug */ = {
			isa = XCBuildConfiguration;
			buildSettings = {
				ALWAYS_SEARCH_USER_PATHS = NO;
				CLANG_ANALYZER_NONNULL = YES;
				CLANG_ANALYZER_NUMBER_OBJECT_CONVERSION = YES_AGGRESSIVE;
				CLANG_CXX_LANGUAGE_STANDARD = "gnu++14";
				CLANG_CXX_LIBRARY = "libc++";
				CLANG_ENABLE_MODULES = YES;
				CLANG_ENABLE_OBJC_ARC = YES;
				CLANG_ENABLE_OBJC_WEAK = YES;
				CLANG_WARN_BLOCK_CAPTURE_AUTORELEASING = YES;
				CLANG_WARN_BOOL_CONVERSION = YES;
				CLANG_WARN_COMMA = YES;
				CLANG_WARN_CONSTANT_CONVERSION = YES;
				CLANG_WARN_DEPRECATED_OBJC_IMPLEMENTATIONS = YES;
				CLANG_WARN_DIRECT_OBJC_ISA_USAGE = YES_ERROR;
				CLANG_WARN_DOCUMENTATION_COMMENTS = YES;
				CLANG_WARN_EMPTY_BODY = YES;
				CLANG_WARN_ENUM_CONVERSION = YES;
				CLANG_WARN_INFINITE_RECURSION = YES;
				CLANG_WARN_INT_CONVERSION = YES;
				CLANG_WARN_NON_LITERAL_NULL_CONVERSION = YES;
				CLANG_WARN_OBJC_IMPLICIT_RETAIN_SELF = YES;
				CLANG_WARN_OBJC_LITERAL_CONVERSION = YES;
				CLANG_WARN_OBJC_ROOT_CLASS = YES_ERROR;
				CLANG_WARN_RANGE_LOOP_ANALYSIS = YES;
				CLANG_WARN_STRICT_PROTOTYPES = YES;
				CLANG_WARN_SUSPICIOUS_MOVE = YES;
				CLANG_WARN_UNGUARDED_AVAILABILITY = YES_AGGRESSIVE;
				CLANG_WARN_UNREACHABLE_CODE = YES;
				CLANG_WARN__DUPLICATE_METHOD_MATCH = YES;
				CODE_SIGN_IDENTITY = "iPhone Developer";
				COPY_PHASE_STRIP = NO;
				DEBUG_INFORMATION_FORMAT = dwarf;
				ENABLE_STRICT_OBJC_MSGSEND = YES;
				ENABLE_TESTABILITY = YES;
				GCC_C_LANGUAGE_STANDARD = gnu11;
				GCC_DYNAMIC_NO_PIC = NO;
				GCC_NO_COMMON_BLOCKS = YES;
				GCC_OPTIMIZATION_LEVEL = 0;
				GCC_PREPROCESSOR_DEFINITIONS = (
					"DEBUG=1",
					"$(inherited)",
				);
				GCC_WARN_64_TO_32_BIT_CONVERSION = YES;
				GCC_WARN_ABOUT_RETURN_TYPE = YES_ERROR;
				GCC_WARN_UNDECLARED_SELECTOR = YES;
				GCC_WARN_UNINITIALIZED_AUTOS = YES_AGGRESSIVE;
				GCC_WARN_UNUSED_FUNCTION = YES;
				GCC_WARN_UNUSED_VARIABLE = YES;
				IPHONEOS_DEPLOYMENT_TARGET = 12.0;
				MTL_ENABLE_DEBUG_INFO = INCLUDE_SOURCE;
				MTL_FAST_MATH = YES;
				ONLY_ACTIVE_ARCH = YES;
				SDKROOT = iphoneos;
				SWIFT_ACTIVE_COMPILATION_CONDITIONS = DEBUG;
				SWIFT_OPTIMIZATION_LEVEL = "-Onone";
			};
			name = Debug;
		};
		02036EA9215EB81B004029BC /* Release */ = {
			isa = XCBuildConfiguration;
			buildSettings = {
				ALWAYS_SEARCH_USER_PATHS = NO;
				CLANG_ANALYZER_NONNULL = YES;
				CLANG_ANALYZER_NUMBER_OBJECT_CONVERSION = YES_AGGRESSIVE;
				CLANG_CXX_LANGUAGE_STANDARD = "gnu++14";
				CLANG_CXX_LIBRARY = "libc++";
				CLANG_ENABLE_MODULES = YES;
				CLANG_ENABLE_OBJC_ARC = YES;
				CLANG_ENABLE_OBJC_WEAK = YES;
				CLANG_WARN_BLOCK_CAPTURE_AUTORELEASING = YES;
				CLANG_WARN_BOOL_CONVERSION = YES;
				CLANG_WARN_COMMA = YES;
				CLANG_WARN_CONSTANT_CONVERSION = YES;
				CLANG_WARN_DEPRECATED_OBJC_IMPLEMENTATIONS = YES;
				CLANG_WARN_DIRECT_OBJC_ISA_USAGE = YES_ERROR;
				CLANG_WARN_DOCUMENTATION_COMMENTS = YES;
				CLANG_WARN_EMPTY_BODY = YES;
				CLANG_WARN_ENUM_CONVERSION = YES;
				CLANG_WARN_INFINITE_RECURSION = YES;
				CLANG_WARN_INT_CONVERSION = YES;
				CLANG_WARN_NON_LITERAL_NULL_CONVERSION = YES;
				CLANG_WARN_OBJC_IMPLICIT_RETAIN_SELF = YES;
				CLANG_WARN_OBJC_LITERAL_CONVERSION = YES;
				CLANG_WARN_OBJC_ROOT_CLASS = YES_ERROR;
				CLANG_WARN_RANGE_LOOP_ANALYSIS = YES;
				CLANG_WARN_STRICT_PROTOTYPES = YES;
				CLANG_WARN_SUSPICIOUS_MOVE = YES;
				CLANG_WARN_UNGUARDED_AVAILABILITY = YES_AGGRESSIVE;
				CLANG_WARN_UNREACHABLE_CODE = YES;
				CLANG_WARN__DUPLICATE_METHOD_MATCH = YES;
				CODE_SIGN_IDENTITY = "iPhone Developer";
				COPY_PHASE_STRIP = NO;
				DEBUG_INFORMATION_FORMAT = "dwarf-with-dsym";
				ENABLE_NS_ASSERTIONS = NO;
				ENABLE_STRICT_OBJC_MSGSEND = YES;
				GCC_C_LANGUAGE_STANDARD = gnu11;
				GCC_NO_COMMON_BLOCKS = YES;
				GCC_WARN_64_TO_32_BIT_CONVERSION = YES;
				GCC_WARN_ABOUT_RETURN_TYPE = YES_ERROR;
				GCC_WARN_UNDECLARED_SELECTOR = YES;
				GCC_WARN_UNINITIALIZED_AUTOS = YES_AGGRESSIVE;
				GCC_WARN_UNUSED_FUNCTION = YES;
				GCC_WARN_UNUSED_VARIABLE = YES;
				IPHONEOS_DEPLOYMENT_TARGET = 12.0;
				MTL_ENABLE_DEBUG_INFO = NO;
				MTL_FAST_MATH = YES;
				SDKROOT = iphoneos;
				SWIFT_COMPILATION_MODE = wholemodule;
				SWIFT_OPTIMIZATION_LEVEL = "-O";
				VALIDATE_PRODUCT = YES;
			};
			name = Release;
		};
		02036EAB215EB81B004029BC /* Debug */ = {
			isa = XCBuildConfiguration;
			buildSettings = {
				ALWAYS_EMBED_SWIFT_STANDARD_LIBRARIES = YES;
				ASSETCATALOG_COMPILER_APPICON_NAME = AppIcon;
				CODE_SIGN_STYLE = Automatic;
				INFOPLIST_FILE = Project16/Info.plist;
				LD_RUNPATH_SEARCH_PATHS = (
					"$(inherited)",
					"@executable_path/Frameworks",
				);
				PRODUCT_BUNDLE_IDENTIFIER = com.RRYoung.Project16;
				PRODUCT_NAME = "$(TARGET_NAME)";
				SWIFT_VERSION = 4.2;
				TARGETED_DEVICE_FAMILY = "1,2";
			};
			name = Debug;
		};
		02036EAC215EB81B004029BC /* Release */ = {
			isa = XCBuildConfiguration;
			buildSettings = {
				ALWAYS_EMBED_SWIFT_STANDARD_LIBRARIES = YES;
				ASSETCATALOG_COMPILER_APPICON_NAME = AppIcon;
				CODE_SIGN_STYLE = Automatic;
				INFOPLIST_FILE = Project16/Info.plist;
				LD_RUNPATH_SEARCH_PATHS = (
					"$(inherited)",
					"@executable_path/Frameworks",
				);
				PRODUCT_BUNDLE_IDENTIFIER = com.RRYoung.Project16;
				PRODUCT_NAME = "$(TARGET_NAME)";
				SWIFT_VERSION = 4.2;
				TARGETED_DEVICE_FAMILY = "1,2";
			};
			name = Release;
		};
		02036EBD215EB9F4004029BC /* Debug */ = {
			isa = XCBuildConfiguration;
			buildSettings = {
				CODE_SIGN_STYLE = Automatic;
				INFOPLIST_FILE = Extension/Info.plist;
				LD_RUNPATH_SEARCH_PATHS = (
					"$(inherited)",
					"@executable_path/Frameworks",
					"@executable_path/../../Frameworks",
				);
				PRODUCT_BUNDLE_IDENTIFIER = com.RRYoung.Project16.Extension;
				PRODUCT_NAME = "$(TARGET_NAME)";
				SKIP_INSTALL = YES;
				SWIFT_VERSION = 4.2;
				TARGETED_DEVICE_FAMILY = "1,2";
			};
			name = Debug;
		};
		02036EBE215EB9F4004029BC /* Release */ = {
			isa = XCBuildConfiguration;
			buildSettings = {
				CODE_SIGN_STYLE = Automatic;
				INFOPLIST_FILE = Extension/Info.plist;
				LD_RUNPATH_SEARCH_PATHS = (
					"$(inherited)",
					"@executable_path/Frameworks",
					"@executable_path/../../Frameworks",
				);
				PRODUCT_BUNDLE_IDENTIFIER = com.RRYoung.Project16.Extension;
				PRODUCT_NAME = "$(TARGET_NAME)";
				SKIP_INSTALL = YES;
				SWIFT_VERSION = 4.2;
				TARGETED_DEVICE_FAMILY = "1,2";
			};
			name = Release;
		};
/* End XCBuildConfiguration section */

/* Begin XCConfigurationList section */
		02036E93215EB819004029BC /* Build configuration list for PBXProject "Project16" */ = {
			isa = XCConfigurationList;
			buildConfigurations = (
				02036EA8215EB81B004029BC /* Debug */,
				02036EA9215EB81B004029BC /* Release */,
			);
			defaultConfigurationIsVisible = 0;
			defaultConfigurationName = Release;
		};
		02036EAA215EB81B004029BC /* Build configuration list for PBXNativeTarget "Project16" */ = {
			isa = XCConfigurationList;
			buildConfigurations = (
				02036EAB215EB81B004029BC /* Debug */,
				02036EAC215EB81B004029BC /* Release */,
			);
			defaultConfigurationIsVisible = 0;
			defaultConfigurationName = Release;
		};
		02036EBC215EB9F4004029BC /* Build configuration list for PBXNativeTarget "Extension" */ = {
			isa = XCConfigurationList;
			buildConfigurations = (
				02036EBD215EB9F4004029BC /* Debug */,
				02036EBE215EB9F4004029BC /* Release */,
			);
			defaultConfigurationIsVisible = 0;
			defaultConfigurationName = Release;
		};
/* End XCConfigurationList section */
	};
	rootObject = 02036E90215EB819004029BC /* Project object */;
}
